
Microsoft Visual Studio Solution File, Format Version 12.00
# Visual Studio Version 16
VisualStudioVersion = 25.0.1700.6
MinimumVisualStudioVersion = 10.0.40219.1
Project("{FAE04EC0-301F-11D3-BF4B-00C04F79EFBC}") = "A2", "A2.csproj", "{D031190A-FF0E-4D88-AF7F-F1F550AD4B8C}"
EndProject
Global
	GlobalSection(SolutionConfigurationPlatforms) = preSolution
		Debug|Any CPU = Debug|Any CPU
		Release|Any CPU = Release|Any CPU
	EndGlobalSection
	GlobalSection(ProjectConfigurationPlatforms) = postSolution
		{D031190A-FF0E-4D88-AF7F-F1F550AD4B8C}.Debug|Any CPU.ActiveCfg = Debug|Any CPU
		{D031190A-FF0E-4D88-AF7F-F1F550AD4B8C}.Debug|Any CPU.Build.0 = Debug|Any CPU
		{D031190A-FF0E-4D88-AF7F-F1F550AD4B8C}.Release|Any CPU.ActiveCfg = Release|Any CPU
		{D031190A-FF0E-4D88-AF7F-F1F550AD4B8C}.Release|Any CPU.Build.0 = Release|Any CPU
	EndGlobalSection
	GlobalSection(SolutionProperties) = preSolution
		HideSolutionNode = FALSE
	EndGlobalSection
	GlobalSection(ExtensibilityGlobals) = postSolution
		SolutionGuid = {D8E1D042-B77F-419E-A999-C81A15C1D2E9}
	EndGlobalSection
EndGlobal
